
Microsoft Visual Studio Solution File, Format Version 12.00
# Visual Studio Version 16
VisualStudioVersion = 16.0.29519.181
MinimumVisualStudioVersion = 10.0.40219.1
Project("{9A19103F-16F7-4668-BE54-9A1E7A4F7556}") = "AppCommerce", "AppCommerce\AppCommerce.csproj", "{9DB5ED4D-A806-4670-A010-B0605975A537}"
EndProject
Project("{FAE04EC0-301F-11D3-BF4B-00C04F79EFBC}") = "DAL", "DAL\DAL.csproj", "{C45F5A9B-940C-4874-B456-B07BBB69F319}"
EndProject
Project("{FAE04EC0-301F-11D3-BF4B-00C04F79EFBC}") = "BLL", "BLL\BLL.csproj", "{7ED069A6-2657-4BC6-B20F-24FBE2B73535}"
EndProject
Global
	GlobalSection(SolutionConfigurationPlatforms) = preSolution
		Debug|Any CPU = Debug|Any CPU
		Release|Any CPU = Release|Any CPU
	EndGlobalSection
	GlobalSection(ProjectConfigurationPlatforms) = postSolution
		{9DB5ED4D-A806-4670-A010-B0605975A537}.Debug|Any CPU.ActiveCfg = Debug|Any CPU
		{9DB5ED4D-A806-4670-A010-B0605975A537}.Debug|Any CPU.Build.0 = Debug|Any CPU
		{9DB5ED4D-A806-4670-A010-B0605975A537}.Release|Any CPU.ActiveCfg = Release|Any CPU
		{9DB5ED4D-A806-4670-A010-B0605975A537}.Release|Any CPU.Build.0 = Release|Any CPU
		{C45F5A9B-940C-4874-B456-B07BBB69F319}.Debug|Any CPU.ActiveCfg = Debug|Any CPU
		{C45F5A9B-940C-4874-B456-B07BBB69F319}.Debug|Any CPU.Build.0 = Debug|Any CPU
		{C45F5A9B-940C-4874-B456-B07BBB69F319}.Release|Any CPU.ActiveCfg = Release|Any CPU
		{C45F5A9B-940C-4874-B456-B07BBB69F319}.Release|Any CPU.Build.0 = Release|Any CPU
		{7ED069A6-2657-4BC6-B20F-24FBE2B73535}.Debug|Any CPU.ActiveCfg = Debug|Any CPU
		{7ED069A6-2657-4BC6-B20F-24FBE2B73535}.Debug|Any CPU.Build.0 = Debug|Any CPU
		{7ED069A6-2657-4BC6-B20F-24FBE2B73535}.Release|Any CPU.ActiveCfg = Release|Any CPU
		{7ED069A6-2657-4BC6-B20F-24FBE2B73535}.Release|Any CPU.Build.0 = Release|Any CPU
	EndGlobalSection
	GlobalSection(SolutionProperties) = preSolution
		HideSolutionNode = FALSE
	EndGlobalSection
	GlobalSection(ExtensibilityGlobals) = postSolution
		SolutionGuid = {0B73D4FE-CAC9-4AC7-9B5E-5EFAFD38CA2B}
	EndGlobalSection
EndGlobal
